Microsoft Visual Studio Solution File, Format Version 12.00
# Visual Studio Version 17
VisualStudioVersion = 17.5.2.0
MinimumVisualStudioVersion = 10.0.40219.1
Project("{FAE04EC0-301F-11D3-BF4B-00C04F79EFBC}") = "prometheus", "prometheus.csproj", "{CBC8BE7B-D6BA-6214-56C7-9D6FA89D63FC}"
EndProject
Global
	GlobalSection(SolutionConfigurationPlatforms) = preSolution
		Debug|Any CPU = Debug|Any CPU
		Release|Any CPU = Release|Any CPU
	EndGlobalSection
	GlobalSection(ProjectConfigurationPlatforms) = postSolution
		{CBC8BE7B-D6BA-6214-56C7-9D6FA89D63FC}.Debug|Any CPU.ActiveCfg = Debug|Any CPU
		{CBC8BE7B-D6BA-6214-56C7-9D6FA89D63FC}.Debug|Any CPU.Build.0 = Debug|Any CPU
		{CBC8BE7B-D6BA-6214-56C7-9D6FA89D63FC}.Release|Any CPU.ActiveCfg = Release|Any CPU
		{CBC8BE7B-D6BA-6214-56C7-9D6FA89D63FC}.Release|Any CPU.Build.0 = Release|Any CPU
	EndGlobalSection
	GlobalSection(SolutionProperties) = preSolution
		HideSolutionNode = FALSE
	EndGlobalSection
	GlobalSection(ExtensibilityGlobals) = postSolution
		SolutionGuid = {64B7F06A-B546-477D-862A-C79F31F4195C}
	EndGlobalSection
EndGlobal
